Microsoft Visual Studio Solution File, Format Version 11.00
# Visual Studio 2010
Project("{F184B08F-C81C-45F6-A57F-5ABD9991F28F}") = "DXDocking_DocumentGroup", "DXDocking_DocumentGroup\DXDocking_DocumentGroup.vbproj", "{6B42E3F7-4AEB-4419-9BB7-349A0E99D1DB}"
EndProject
Global
	GlobalSection(SolutionConfigurationPlatforms) = preSolution
		Debug|Any CPU = Debug|Any CPU
		Release|Any CPU = Release|Any CPU
	EndGlobalSection
	GlobalSection(ProjectConfigurationPlatforms) = postSolution
		{6B42E3F7-4AEB-4419-9BB7-349A0E99D1DB}.Debug|Any CPU.ActiveCfg = Debug|Any CPU
		{6B42E3F7-4AEB-4419-9BB7-349A0E99D1DB}.Debug|Any CPU.Build.0 = Debug|Any CPU
		{6B42E3F7-4AEB-4419-9BB7-349A0E99D1DB}.Release|Any CPU.ActiveCfg = Release|Any CPU
		{6B42E3F7-4AEB-4419-9BB7-349A0E99D1DB}.Release|Any CPU.Build.0 = Release|Any CPU
	EndGlobalSection
	GlobalSection(SolutionProperties) = preSolution
		HideSolutionNode = FALSE
	EndGlobalSection
EndGlobal
